// !$*UTF8*$!
{
	archiveVersion = 1;
	classes = {
	};
	objectVersion = 48;
	objects = {

/* Begin PBXBuildFile section */
		89DAE4DE1FD504CC0082A739 /* AppDelegate.swift in Sources */ = {isa = PBXBuildFile; fileRef = 89DAE4DD1FD504CC0082A739 /* AppDelegate.swift */; };
		89DAE4E01FD504CC0082A739 /* ViewController.swift in Sources */ = {isa = PBXBuildFile; fileRef = 89DAE4DF1FD504CC0082A739 /* ViewController.swift */; };
		89DAE4E31FD504CC0082A739 /* Main.storyboard in Resources */ = {isa = PBXBuildFile; fileRef = 89DAE4E11FD504CC0082A739 /* Main.storyboard */; };
		89DAE4E51FD504CC0082A739 /* Assets.xcassets in Resources */ = {isa = PBXBuildFile; fileRef = 89DAE4E41FD504CC0082A739 /* Assets.xcassets */; };
		89DAE4E81FD504CC0082A739 /* LaunchScreen.storyboard in Resources */ = {isa = PBXBuildFile; fileRef = 89DAE4E61FD504CC0082A739 /* LaunchScreen.storyboard */; };
		89DAE4F31FD504CC0082A739 /* ClimbingTests.swift in Sources */ = {isa = PBXBuildFile; fileRef = 89DAE4F21FD504CC0082A739 /* ClimbingTests.swift */; };
		89DAE4FE1FD504CC0082A739 /* ClimbingUITests.swift in Sources */ = {isa = PBXBuildFile; fileRef = 89DAE4FD1FD504CC0082A739 /* ClimbingUITests.swift */; };
/* End PBXBuildFile section */

/* Begin PBXContainerItemProxy section */
		89DAE4EF1FD504CC0082A739 /* PBXContainerItemProxy */ = {
			isa = PBXContainerItemProxy;
			containerPortal = 89DAE4D21FD504CC0082A739 /* Project object */;
			proxyType = 1;
			remoteGlobalIDString = 89DAE4D91FD504CC0082A739;
			remoteInfo = Climbing;
		};
		89DAE4FA1FD504CC0082A739 /* PBXContainerItemProxy */ = {
			isa = PBXContainerItemProxy;
			containerPortal = 89DAE4D21FD504CC0082A739 /* Project object */;
			proxyType = 1;
			remoteGlobalIDString = 89DAE4D91FD504CC0082A739;
			remoteInfo = Climbing;
		};
/* End PBXContainerItemProxy section */

/* Begin PBXFileReference section */
		89DAE4DA1FD504CC0082A739 /* Climbing.app */ = {isa = PBXFileReference; explicitFileType = wrapper.application; includeInIndex = 0; path = Climbing.app; sourceTree = BUILT_PRODUCTS_DIR; };
		89DAE4DD1FD504CC0082A739 /* AppDelegate.swift */ = {isa = PBXFileReference; lastKnownFileType = sourcecode.swift; path = AppDelegate.swift; sourceTree = "<group>"; };
		89DAE4DF1FD504CC0082A739 /* ViewController.swift */ = {isa = PBXFileReference; lastKnownFileType = sourcecode.swift; path = ViewController.swift; sourceTree = "<group>"; };
		89DAE4E21FD504CC0082A739 /* Base */ = {isa = PBXFileReference; lastKnownFileType = file.storyboard; name = Base; path = Base.lproj/Main.storyboard; sourceTree = "<group>"; };
		89DAE4E41FD504CC0082A739 /* Assets.xcassets */ = {isa = PBXFileReference; lastKnownFileType = folder.assetcatalog; path = Assets.xcassets; sourceTree = "<group>"; };
		89DAE4E71FD504CC0082A739 /* Base */ = {isa = PBXFileReference; lastKnownFileType = file.storyboard; name = Base; path = Base.lproj/LaunchScreen.storyboard; sourceTree = "<group>"; };
		89DAE4E91FD504CC0082A739 /* Info.plist */ = {isa = PBXFileReference; lastKnownFileType = text.plist.xml; path = Info.plist; sourceTree = "<group>"; };
		89DAE4EE1FD504CC0082A739 /* ClimbingTests.xctest */ = {isa = PBXFileReference; explicitFileType = wrapper.cfbundle; includeInIndex = 0; path = ClimbingTests.xctest; sourceTree = BUILT_PRODUCTS_DIR; };
		89DAE4F21FD504CC0082A739 /* ClimbingTests.swift */ = {isa = PBXFileReference; lastKnownFileType = sourcecode.swift; path = ClimbingTests.swift; sourceTree = "<group>"; };
		89DAE4F41FD504CC0082A739 /* Info.plist */ = {isa = PBXFileReference; lastKnownFileType = text.plist.xml; path = Info.plist; sourceTree = "<group>"; };
		89DAE4F91FD504CC0082A739 /* ClimbingUITests.xctest */ = {isa = PBXFileReference; explicitFileType = wrapper.cfbundle; includeInIndex = 0; path = ClimbingUITests.xctest; sourceTree = BUILT_PRODUCTS_DIR; };
		89DAE4FD1FD504CC0082A739 /* ClimbingUITests.swift */ = {isa = PBXFileReference; lastKnownFileType = sourcecode.swift; path = ClimbingUITests.swift; sourceTree = "<group>"; };
		89DAE4FF1FD504CC0082A739 /* Info.plist */ = {isa = PBXFileReference; lastKnownFileType = text.plist.xml; path = Info.plist; sourceTree = "<group>"; };
/* End PBXFileReference section */

/* Begin PBXFrameworksBuildPhase section */
		89DAE4D71FD504CC0082A739 /* Frameworks */ = {
			isa = PBXFrameworksBuildPhase;
			buildActionMask = 2147483647;
			files = (
			);
			runOnlyForDeploymentPostprocessing = 0;
		};
		89DAE4EB1FD504CC0082A739 /* Frameworks */ = {
			isa = PBXFrameworksBuildPhase;
			buildActionMask = 2147483647;
			files = (
			);
			runOnlyForDeploymentPostprocessing = 0;
		};
		89DAE4F61FD504CC0082A739 /* Frameworks */ = {
			isa = PBXFrameworksBuildPhase;
			buildActionMask = 2147483647;
			files = (
			);
			runOnlyForDeploymentPostprocessing = 0;
		};
/* End PBXFrameworksBuildPhase section */

/* Begin PBXGroup section */
		89DAE4D11FD504CC0082A739 = {
			isa = PBXGroup;
			children = (
				89DAE4DC1FD504CC0082A739 /* Climbing */,
				89DAE4F11FD504CC0082A739 /* ClimbingTests */,
				89DAE4FC1FD504CC0082A739 /* ClimbingUITests */,
				89DAE4DB1FD504CC0082A739 /* Products */,
			);
			sourceTree = "<group>";
		};
		89DAE4DB1FD504CC0082A739 /* Products */ = {
			isa = PBXGroup;
			children = (
				89DAE4DA1FD504CC0082A739 /* Climbing.app */,
				89DAE4EE1FD504CC0082A739 /* ClimbingTests.xctest */,
				89DAE4F91FD504CC0082A739 /* ClimbingUITests.xctest */,
			);
			name = Products;
			sourceTree = "<group>";
		};
		89DAE4DC1FD504CC0082A739 /* Climbing */ = {
			isa = PBXGroup;
			children = (
				89DAE4DD1FD504CC0082A739 /* AppDelegate.swift */,
				89DAE4DF1FD504CC0082A739 /* ViewController.swift */,
				89DAE4E11FD504CC0082A739 /* Main.storyboard */,
				89DAE4E41FD504CC0082A739 /* Assets.xcassets */,
				89DAE4E61FD504CC0082A739 /* LaunchScreen.storyboard */,
				89DAE4E91FD504CC0082A739 /* Info.plist */,
			);
			path = Climbing;
			sourceTree = "<group>";
		};
		89DAE4F11FD504CC0082A739 /* ClimbingTests */ = {
			isa = PBXGroup;
			children = (
				89DAE4F21FD504CC0082A739 /* ClimbingTests.swift */,
				89DAE4F41FD504CC0082A739 /* Info.plist */,
			);
			path = ClimbingTests;
			sourceTree = "<group>";
		};
		89DAE4FC1FD504CC0082A739 /* ClimbingUITests */ = {
			isa = PBXGroup;
			children = (
				89DAE4FD1FD504CC0082A739 /* ClimbingUITests.swift */,
				89DAE4FF1FD504CC0082A739 /* Info.plist */,
			);
			path = ClimbingUITests;
			sourceTree = "<group>";
		};
/* End PBXGroup section */

/* Begin PBXNativeTarget section */
		89DAE4D91FD504CC0082A739 /* Climbing */ = {
			isa = PBXNativeTarget;
			buildConfigurationList = 89DAE5021FD504CC0082A739 /* Build configuration list for PBXNativeTarget "Climbing" */;
			buildPhases = (
				89DAE4D61FD504CC0082A739 /* Sources */,
				89DAE4D71FD504CC0082A739 /* Frameworks */,
				89DAE4D81FD504CC0082A739 /* Resources */,
			);
			buildRules = (
			);
			dependencies = (
			);
			name = Climbing;
			productName = Climbing;
			productReference = 89DAE4DA1FD504CC0082A739 /* Climbing.app */;
			productType = "com.apple.product-type.application";
		};
		89DAE4ED1FD504CC0082A739 /* ClimbingTests */ = {
			isa = PBXNativeTarget;
			buildConfigurationList = 89DAE5051FD504CC0082A739 /* Build configuration list for PBXNativeTarget "ClimbingTests" */;
			buildPhases = (
				89DAE4EA1FD504CC0082A739 /* Sources */,
				89DAE4EB1FD504CC0082A739 /* Frameworks */,
				89DAE4EC1FD504CC0082A739 /* Resources */,
			);
			buildRules = (
			);
			dependencies = (
				89DAE4F01FD504CC0082A739 /* PBXTargetDependency */,
			);
			name = ClimbingTests;
			productName = ClimbingTests;
			productReference = 89DAE4EE1FD504CC0082A739 /* ClimbingTests.xctest */;
			productType = "com.apple.product-type.bundle.unit-test";
		};
		89DAE4F81FD504CC0082A739 /* ClimbingUITests */ = {
			isa = PBXNativeTarget;
			buildConfigurationList = 89DAE5081FD504CC0082A739 /* Build configuration list for PBXNativeTarget "ClimbingUITests" */;
			buildPhases = (
				89DAE4F51FD504CC0082A739 /* Sources */,
				89DAE4F61FD504CC0082A739 /* Frameworks */,
				89DAE4F71FD504CC0082A739 /* Resources */,
			);
			buildRules = (
			);
			dependencies = (
				89DAE4FB1FD504CC0082A739 /* PBXTargetDependency */,
			);
			name = ClimbingUITests;
			productName = ClimbingUITests;
			productReference = 89DAE4F91FD504CC0082A739 /* ClimbingUITests.xctest */;
			productType = "com.apple.product-type.bundle.ui-testing";
		};
/* End PBXNativeTarget section */

/* Begin PBXProject section */
		89DAE4D21FD504CC0082A739 /* Project object */ = {
			isa = PBXProject;
			attributes = {
				LastSwiftUpdateCheck = 0910;
				LastUpgradeCheck = 0910;
				ORGANIZATIONNAME = "Matthew Ritter";
				TargetAttributes = {
					89DAE4D91FD504CC0082A739 = {
						CreatedOnToolsVersion = 9.1;
						ProvisioningStyle = Automatic;
					};
					89DAE4ED1FD504CC0082A739 = {
						CreatedOnToolsVersion = 9.1;
						ProvisioningStyle = Automatic;
						TestTargetID = 89DAE4D91FD504CC0082A739;
					};
					89DAE4F81FD504CC0082A739 = {
						CreatedOnToolsVersion = 9.1;
						ProvisioningStyle = Automatic;
						TestTargetID = 89DAE4D91FD504CC0082A739;
					};
				};
			};
			buildConfigurationList = 89DAE4D51FD504CC0082A739 /* Build configuration list for PBXProject "Climbing" */;
			compatibilityVersion = "Xcode 8.0";
			developmentRegion = en;
			hasScannedForEncodings = 0;
			knownRegions = (
				en,
				Base,
			);
			mainGroup = 89DAE4D11FD504CC0082A739;
			productRefGroup = 89DAE4DB1FD504CC0082A739 /* Products */;
			projectDirPath = "";
			projectRoot = "";
			targets = (
				89DAE4D91FD504CC0082A739 /* Climbing */,
				89DAE4ED1FD504CC0082A739 /* ClimbingTests */,
				89DAE4F81FD504CC0082A739 /* ClimbingUITests */,
			);
		};
/* End PBXProject section */

/* Begin PBXResourcesBuildPhase section */
		89DAE4D81FD504CC0082A739 /* Resources */ = {
			isa = PBXResourcesBuildPhase;
			buildActionMask = 2147483647;
			files = (
				89DAE4E81FD504CC0082A739 /* LaunchScreen.storyboard in Resources */,
				89DAE4E51FD504CC0082A739 /* Assets.xcassets in Resources */,
				89DAE4E31FD504CC0082A739 /* Main.storyboard in Resources */,
			);
			runOnlyForDeploymentPostprocessing = 0;
		};
		89DAE4EC1FD504CC0082A739 /* Resources */ = {
			isa = PBXResourcesBuildPhase;
			buildActionMask = 2147483647;
			files = (
			);
			runOnlyForDeploymentPostprocessing = 0;
		};
		89DAE4F71FD504CC0082A739 /* Resources */ = {
			isa = PBXResourcesBuildPhase;
			buildActionMask = 2147483647;
			files = (
			);
			runOnlyForDeploymentPostprocessing = 0;
		};
/* End PBXResourcesBuildPhase section */

/* Begin PBXSourcesBuildPhase section */
		89DAE4D61FD504CC0082A739 /* Sources */ = {
			isa = PBXSourcesBuildPhase;
			buildActionMask = 2147483647;
			files = (
				89DAE4E01FD504CC0082A739 /* ViewController.swift in Sources */,
				89DAE4DE1FD504CC0082A739 /* AppDelegate.swift in Sources */,
			);
			runOnlyForDeploymentPostprocessing = 0;
		};
		89DAE4EA1FD504CC0082A739 /* Sources */ = {
			isa = PBXSourcesBuildPhase;
			buildActionMask = 2147483647;
			files = (
				89DAE4F31FD504CC0082A739 /* ClimbingTests.swift in Sources */,
			);
			runOnlyForDeploymentPostprocessing = 0;
		};
		89DAE4F51FD504CC0082A739 /* Sources */ = {
			isa = PBXSourcesBuildPhase;
			buildActionMask = 2147483647;
			files = (
				89DAE4FE1FD504CC0082A739 /* ClimbingUITests.swift in Sources */,
			);
			runOnlyForDeploymentPostprocessing = 0;
		};
/* End PBXSourcesBuildPhase section */

/* Begin PBXTargetDependency section */
		89DAE4F01FD504CC0082A739 /* PBXTargetDependency */ = {
			isa = PBXTargetDependency;
			target = 89DAE4D91FD504CC0082A739 /* Climbing */;
			targetProxy = 89DAE4EF1FD504CC0082A739 /* PBXContainerItemProxy */;
		};
		89DAE4FB1FD504CC0082A739 /* PBXTargetDependency */ = {
			isa = PBXTargetDependency;
			target = 89DAE4D91FD504CC0082A739 /* Climbing */;
			targetProxy = 89DAE4FA1FD504CC0082A739 /* PBXContainerItemProxy */;
		};
/* End PBXTargetDependency section */

/* Begin PBXVariantGroup section */
		89DAE4E11FD504CC0082A739 /* Main.storyboard */ = {
			isa = PBXVariantGroup;
			children = (
				89DAE4E21FD504CC0082A739 /* Base */,
			);
			name = Main.storyboard;
			sourceTree = "<group>";
		};
		89DAE4E61FD504CC0082A739 /* LaunchScreen.storyboard */ = {
			isa = PBXVariantGroup;
			children = (
				89DAE4E71FD504CC0082A739 /* Base */,
			);
			name = LaunchScreen.storyboard;
			sourceTree = "<group>";
		};
/* End PBXVariantGroup section */

/* Begin XCBuildConfiguration section */
		89DAE5001FD504CC0082A739 /* Debug */ = {
			isa = XCBuildConfiguration;
			buildSettings = {
				ALWAYS_SEARCH_USER_PATHS = NO;
				CLANG_ANALYZER_NONNULL = YES;
				CLANG_ANALYZER_NUMBER_OBJECT_CONVERSION = YES_AGGRESSIVE;
				CLANG_CXX_LANGUAGE_STANDARD = "gnu++14";
				CLANG_CXX_LIBRARY = "libc++";
				CLANG_ENABLE_MODULES = YES;
				CLANG_ENABLE_OBJC_ARC = YES;
				CLANG_WARN_BLOCK_CAPTURE_AUTORELEASING = YES;
				CLANG_WARN_BOOL_CONVERSION = YES;
				CLANG_WARN_COMMA = YES;
				CLANG_WARN_CONSTANT_CONVERSION = YES;
				CLANG_WARN_DIRECT_OBJC_ISA_USAGE = YES_ERROR;
				CLANG_WARN_DOCUMENTATION_COMMENTS = YES;
				CLANG_WARN_EMPTY_BODY = YES;
				CLANG_WARN_ENUM_CONVERSION = YES;
				CLANG_WARN_INFINITE_RECURSION = YES;
				CLANG_WARN_INT_CONVERSION = YES;
				CLANG_WARN_NON_LITERAL_NULL_CONVERSION = YES;
				CLANG_WARN_OBJC_LITERAL_CONVERSION = YES;
				CLANG_WARN_OBJC_ROOT_CLASS = YES_ERROR;
				CLANG_WARN_RANGE_LOOP_ANALYSIS = YES;
				CLANG_WARN_STRICT_PROTOTYPES = YES;
				CLANG_WARN_SUSPICIOUS_MOVE = YES;
				CLANG_WARN_UNGUARDED_AVAILABILITY = YES_AGGRESSIVE;
				CLANG_WARN_UNREACHABLE_CODE = YES;
				CLANG_WARN__DUPLICATE_METHOD_MATCH = YES;
				CODE_SIGN_IDENTITY = "iPhone Developer";
				COPY_PHASE_STRIP = NO;
				DEBUG_INFORMATION_FORMAT = dwarf;
				ENABLE_STRICT_OBJC_MSGSEND = YES;
				ENABLE_TESTABILITY = YES;
				GCC_C_LANGUAGE_STANDARD = gnu11;
				GCC_DYNAMIC_NO_PIC = NO;
				GCC_NO_COMMON_BLOCKS = YES;
				GCC_OPTIMIZATION_LEVEL = 0;
				GCC_PREPROCESSOR_DEFINITIONS = (
					"DEBUG=1",
					"$(inherited)",
				);
				GCC_WARN_64_TO_32_BIT_CONVERSION = YES;
				GCC_WARN_ABOUT_RETURN_TYPE = YES_ERROR;
				GCC_WARN_UNDECLARED_SELECTOR = YES;
				GCC_WARN_UNINITIALIZED_AUTOS = YES_AGGRESSIVE;
				GCC_WARN_UNUSED_FUNCTION = YES;
				GCC_WARN_UNUSED_VARIABLE = YES;
				IPHONEOS_DEPLOYMENT_TARGET = 11.1;
				MTL_ENABLE_DEBUG_INFO = YES;
				ONLY_ACTIVE_ARCH = YES;
				SDKROOT = iphoneos;
				SWIFT_ACTIVE_COMPILATION_CONDITIONS = DEBUG;
				SWIFT_OPTIMIZATION_LEVEL = "-Onone";
			};
			name = Debug;
		};
		89DAE5011FD504CC0082A739 /* Release */ = {
			isa = XCBuildConfiguration;
			buildSettings = {
				ALWAYS_SEARCH_USER_PATHS = NO;
				CLANG_ANALYZER_NONNULL = YES;
				CLANG_ANALYZER_NUMBER_OBJECT_CONVERSION = YES_AGGRESSIVE;
				CLANG_CXX_LANGUAGE_STANDARD = "gnu++14";
				CLANG_CXX_LIBRARY = "libc++";
				CLANG_ENABLE_MODULES = YES;
				CLANG_ENABLE_OBJC_ARC = YES;
				CLANG_WARN_BLOCK_CAPTURE_AUTORELEASING = YES;
				CLANG_WARN_BOOL_CONVERSION = YES;
				CLANG_WARN_COMMA = YES;
				CLANG_WARN_CONSTANT_CONVERSION = YES;
				CLANG_WARN_DIRECT_OBJC_ISA_USAGE = YES_ERROR;
				CLANG_WARN_DOCUMENTATION_COMMENTS = YES;
				CLANG_WARN_EMPTY_BODY = YES;
				CLANG_WARN_ENUM_CONVERSION = YES;
				CLANG_WARN_INFINITE_RECURSION = YES;
				CLANG_WARN_INT_CONVERSION = YES;
				CLANG_WARN_NON_LITERAL_NULL_CONVERSION = YES;
				CLANG_WARN_OBJC_LITERAL_CONVERSION = YES;
				CLANG_WARN_OBJC_ROOT_CLASS = YES_ERROR;
				CLANG_WARN_RANGE_LOOP_ANALYSIS = YES;
				CLANG_WARN_STRICT_PROTOTYPES = YES;
				CLANG_WARN_SUSPICIOUS_MOVE = YES;
				CLANG_WARN_UNGUARDED_AVAILABILITY = YES_AGGRESSIVE;
				CLANG_WARN_UNREACHABLE_CODE = YES;
				CLANG_WARN__DUPLICATE_METHOD_MATCH = YES;
				CODE_SIGN_IDENTITY = "iPhone Developer";
				COPY_PHASE_STRIP = NO;
				DEBUG_INFORMATION_FORMAT = "dwarf-with-dsym";
				ENABLE_NS_ASSERTIONS = NO;
				ENABLE_STRICT_OBJC_MSGSEND = YES;
				GCC_C_LANGUAGE_STANDARD = gnu11;
				GCC_NO_COMMON_BLOCKS = YES;
				GCC_WARN_64_TO_32_BIT_CONVERSION = YES;
				GCC_WARN_ABOUT_RETURN_TYPE = YES_ERROR;
				GCC_WARN_UNDECLARED_SELECTOR = YES;
				GCC_WARN_UNINITIALIZED_AUTOS = YES_AGGRESSIVE;
				GCC_WARN_UNUSED_FUNCTION = YES;
				GCC_WARN_UNUSED_VARIABLE = YES;
				IPHONEOS_DEPLOYMENT_TARGET = 11.1;
				MTL_ENABLE_DEBUG_INFO = NO;
				SDKROOT = iphoneos;
				SWIFT_OPTIMIZATION_LEVEL = "-Owholemodule";
				VALIDATE_PRODUCT = YES;
			};
			name = Release;
		};
		89DAE5031FD504CC0082A739 /* Debug */ = {
			isa = XCBuildConfiguration;
			buildSettings = {
				ASSETCATALOG_COMPILER_APPICON_NAME = AppIcon;
				CODE_SIGN_STYLE = Automatic;
				INFOPLIST_FILE = Climbing/Info.plist;
				LD_RUNPATH_SEARCH_PATHS = "$(inherited) @executable_path/Frameworks";
				PRODUCT_BUNDLE_IDENTIFIER = com.ritmatter.Climbing;
				PRODUCT_NAME = "$(TARGET_NAME)";
				SWIFT_VERSION = 4.0;
				TARGETED_DEVICE_FAMILY = "1,2";
			};
			name = Debug;
		};
		89DAE5041FD504CC0082A739 /* Release */ = {
			isa = XCBuildConfiguration;
			buildSettings = {
				ASSETCATALOG_COMPILER_APPICON_NAME = AppIcon;
				CODE_SIGN_STYLE = Automatic;
				INFOPLIST_FILE = Climbing/Info.plist;
				LD_RUNPATH_SEARCH_PATHS = "$(inherited) @executable_path/Frameworks";
				PRODUCT_BUNDLE_IDENTIFIER = com.ritmatter.Climbing;
				PRODUCT_NAME = "$(TARGET_NAME)";
				SWIFT_VERSION = 4.0;
				TARGETED_DEVICE_FAMILY = "1,2";
			};
			name = Release;
		};
		89DAE5061FD504CC0082A739 /* Debug */ = {
			isa = XCBuildConfiguration;
			buildSettings = {
				ALWAYS_EMBED_SWIFT_STANDARD_LIBRARIES = YES;
				BUNDLE_LOADER = "$(TEST_HOST)";
				CODE_SIGN_STYLE = Automatic;
				INFOPLIST_FILE = ClimbingTests/Info.plist;
				LD_RUNPATH_SEARCH_PATHS = "$(inherited) @executable_path/Frameworks @loader_path/Frameworks";
				PRODUCT_BUNDLE_IDENTIFIER = com.ritmatter.ClimbingTests;
				PRODUCT_NAME = "$(TARGET_NAME)";
				SWIFT_VERSION = 4.0;
				TARGETED_DEVICE_FAMILY = "1,2";
				TEST_HOST = "$(BUILT_PRODUCTS_DIR)/Climbing.app/Climbing";
			};
			name = Debug;
		};
		89DAE5071FD504CC0082A739 /* Release */ = {
			isa = XCBuildConfiguration;
			buildSettings = {
				ALWAYS_EMBED_SWIFT_STANDARD_LIBRARIES = YES;
				BUNDLE_LOADER = "$(TEST_HOST)";
				CODE_SIGN_STYLE = Automatic;
				INFOPLIST_FILE = ClimbingTests/Info.plist;
				LD_RUNPATH_SEARCH_PATHS = "$(inherited) @executable_path/Frameworks @loader_path/Frameworks";
				PRODUCT_BUNDLE_IDENTIFIER = com.ritmatter.ClimbingTests;
				PRODUCT_NAME = "$(TARGET_NAME)";
				SWIFT_VERSION = 4.0;
				TARGETED_DEVICE_FAMILY = "1,2";
				TEST_HOST = "$(BUILT_PRODUCTS_DIR)/Climbing.app/Climbing";
			};
			name = Release;
		};
		89DAE5091FD504CC0082A739 /* Debug */ = {
			isa = XCBuildConfiguration;
			buildSettings = {
				ALWAYS_EMBED_SWIFT_STANDARD_LIBRARIES = YES;
				CODE_SIGN_STYLE = Automatic;
				INFOPLIST_FILE = ClimbingUITests/Info.plist;
				LD_RUNPATH_SEARCH_PATHS = "$(inherited) @executable_path/Frameworks @loader_path/Frameworks";
				PRODUCT_BUNDLE_IDENTIFIER = com.ritmatter.ClimbingUITests;
				PRODUCT_NAME = "$(TARGET_NAME)";
				SWIFT_VERSION = 4.0;
				TARGETED_DEVICE_FAMILY = "1,2";
				TEST_TARGET_NAME = Climbing;
			};
			name = Debug;
		};
		89DAE50A1FD504CC0082A739 /* Release */ = {
			isa = XCBuildConfiguration;
			buildSettings = {
				ALWAYS_EMBED_SWIFT_STANDARD_LIBRARIES = YES;
				CODE_SIGN_STYLE = Automatic;
				INFOPLIST_FILE = ClimbingUITests/Info.plist;
				LD_RUNPATH_SEARCH_PATHS = "$(inherited) @executable_path/Frameworks @loader_path/Frameworks";
				PRODUCT_BUNDLE_IDENTIFIER = com.ritmatter.ClimbingUITests;
				PRODUCT_NAME = "$(TARGET_NAME)";
				SWIFT_VERSION = 4.0;
				TARGETED_DEVICE_FAMILY = "1,2";
				TEST_TARGET_NAME = Climbing;
			};
			name = Release;
		};
/* End XCBuildConfiguration section */

/* Begin XCConfigurationList section */
		89DAE4D51FD504CC0082A739 /* Build configuration list for PBXProject "Climbing" */ = {
			isa = XCConfigurationList;
			buildConfigurations = (
				89DAE5001FD504CC0082A739 /* Debug */,
				89DAE5011FD504CC0082A739 /* Release */,
			);
			defaultConfigurationIsVisible = 0;
			defaultConfigurationName = Release;
		};
		89DAE5021FD504CC0082A739 /* Build configuration list for PBXNativeTarget "Climbing" */ = {
			isa = XCConfigurationList;
			buildConfigurations = (
				89DAE5031FD504CC0082A739 /* Debug */,
				89DAE5041FD504CC0082A739 /* Release */,
			);
			defaultConfigurationIsVisible = 0;
			defaultConfigurationName = Release;
		};
		89DAE5051FD504CC0082A739 /* Build configuration list for PBXNativeTarget "ClimbingTests" */ = {
			isa = XCConfigurationList;
			buildConfigurations = (
				89DAE5061FD504CC0082A739 /* Debug */,
				89DAE5071FD504CC0082A739 /* Release */,
			);
			defaultConfigurationIsVisible = 0;
			defaultConfigurationName = Release;
		};
		89DAE5081FD504CC0082A739 /* Build configuration list for PBXNativeTarget "ClimbingUITests" */ = {
			isa = XCConfigurationList;
			buildConfigurations = (
				89DAE5091FD504CC0082A739 /* Debug */,
				89DAE50A1FD504CC0082A739 /* Release */,
			);
			defaultConfigurationIsVisible = 0;
			defaultConfigurationName = Release;
		};
/* End XCConfigurationList section */
	};
	rootObject = 89DAE4D21FD504CC0082A739 /* Project object */;
}
